
Microsoft Visual Studio Solution File, Format Version 12.00
# Visual Studio Version 17
VisualStudioVersion = 17.14.36109.1 d17.14
MinimumVisualStudioVersion = 10.0.40219.1
Project("{FAE04EC0-301F-11D3-BF4B-00C04F79EFBC}") = "MixMedia.MCP.LexOffice", "MixMedia.MCP.LexOffice.csproj", "{F54B0E70-A602-4787-8260-2C06E1687071}"
EndProject
Global
	GlobalSection(SolutionConfigurationPlatforms) = preSolution
		Debug|Any CPU = Debug|Any CPU
		Release|Any CPU = Release|Any CPU
	EndGlobalSection
	GlobalSection(ProjectConfigurationPlatforms) = postSolution
		{F54B0E70-A602-4787-8260-2C06E1687071}.Debug|Any CPU.ActiveCfg = Debug|Any CPU
		{F54B0E70-A602-4787-8260-2C06E1687071}.Debug|Any CPU.Build.0 = Debug|Any CPU
		{F54B0E70-A602-4787-8260-2C06E1687071}.Release|Any CPU.ActiveCfg = Release|Any CPU
		{F54B0E70-A602-4787-8260-2C06E1687071}.Release|Any CPU.Build.0 = Release|Any CPU
	EndGlobalSection
	GlobalSection(SolutionProperties) = preSolution
		HideSolutionNode = FALSE
	EndGlobalSection
	GlobalSection(ExtensibilityGlobals) = postSolution
		SolutionGuid = {BEEB4751-6C11-4048-8CAD-30E4FEBC2107}
	EndGlobalSection
EndGlobal
